
Microsoft Visual Studio Solution File, Format Version 11.00
# Visual Studio 2010
Project("{FAE04EC0-301F-11D3-BF4B-00C04F79EFBC}") = "Sudoku", "Sudoku\Sudoku\Sudoku.csproj", "{9A3D81BF-5EEE-4952-A01B-C4F45985820D}"
EndProject
Project("{96E2B04D-8817-42C6-938A-82C39BA4D311}") = "SudokuContent", "Sudoku\SudokuContent\SudokuContent.contentproj", "{A2458FAA-A218-4536-A6F1-5185DF8AC1F2}"
EndProject
Global
	GlobalSection(SolutionConfigurationPlatforms) = preSolution
		Debug|x86 = Debug|x86
		Release|x86 = Release|x86
	EndGlobalSection
	GlobalSection(ProjectConfigurationPlatforms) = postSolution
		{9A3D81BF-5EEE-4952-A01B-C4F45985820D}.Debug|x86.ActiveCfg = Debug|x86
		{9A3D81BF-5EEE-4952-A01B-C4F45985820D}.Debug|x86.Build.0 = Debug|x86
		{9A3D81BF-5EEE-4952-A01B-C4F45985820D}.Release|x86.ActiveCfg = Release|x86
		{9A3D81BF-5EEE-4952-A01B-C4F45985820D}.Release|x86.Build.0 = Release|x86
		{A2458FAA-A218-4536-A6F1-5185DF8AC1F2}.Debug|x86.ActiveCfg = Debug|x86
		{A2458FAA-A218-4536-A6F1-5185DF8AC1F2}.Release|x86.ActiveCfg = Release|x86
	EndGlobalSection
	GlobalSection(SolutionProperties) = preSolution
		HideSolutionNode = FALSE
	EndGlobalSection
EndGlobal
